<Solution>
  <Folder Name="/src/">
    <Project Path="src/Vidarr.Api/Vidarr.Api.csproj" />
    <Project Path="src/Vidarr.Catalog/Vidarr.Catalog.csproj" />
    <Project Path="src/Vidarr.ChapterSplit/Vidarr.ChapterSplit.csproj" />
    <Project Path="src/Vidarr.Contracts/Vidarr.Contracts.csproj" />
    <Project Path="src/Vidarr.Decision/Vidarr.Decision.csproj" />
    <Project Path="src/Vidarr.DownloadClients/Vidarr.DownloadClients.csproj" />
    <Project Path="src/Vidarr.EventBus/Vidarr.EventBus.csproj" />
    <Project Path="src/Vidarr.Host/Vidarr.Host.csproj" />
    <Project Path="src/Vidarr.Importer/Vidarr.Importer.csproj" />
    <Project Path="src/Vidarr.Indexers/Vidarr.Indexers.csproj" />
    <Project Path="src/Vidarr.Infrastructure/Vidarr.Infrastructure.csproj" />
    <Project Path="src/Vidarr.Metadata/Vidarr.Metadata.csproj" />
    <Project Path="src/Vidarr.Naming/Vidarr.Naming.csproj" />
    <Project Path="src/Vidarr.Notifications/Vidarr.Notifications.csproj" />
    <Project Path="src/Vidarr.Rules/Vidarr.Rules.csproj" />
    <Project Path="src/Vidarr.Scheduler/Vidarr.Scheduler.csproj" />
  </Folder>
  <Folder Name="/tests/">
    <Project Path="tests/Vidarr.Api.Tests/Vidarr.Api.Tests.csproj" />
    <Project Path="tests/Vidarr.Catalog.Tests/Vidarr.Catalog.Tests.csproj" />
    <Project Path="tests/Vidarr.ChapterSplit.Tests/Vidarr.ChapterSplit.Tests.csproj" />
    <Project Path="tests/Vidarr.Decision.Tests/Vidarr.Decision.Tests.csproj" />
    <Project Path="tests/Vidarr.DownloadClients.Tests/Vidarr.DownloadClients.Tests.csproj" />
    <Project Path="tests/Vidarr.EventBus.Tests/Vidarr.EventBus.Tests.csproj" />
    <Project Path="tests/Vidarr.Importer.Tests/Vidarr.Importer.Tests.csproj" />
    <Project Path="tests/Vidarr.Indexers.Tests/Vidarr.Indexers.Tests.csproj" />
    <Project Path="tests/Vidarr.IntegrationTests/Vidarr.IntegrationTests.csproj" />
    <Project Path="tests/Vidarr.Metadata.Tests/Vidarr.Metadata.Tests.csproj" />
    <Project Path="tests/Vidarr.Naming.Tests/Vidarr.Naming.Tests.csproj" />
    <Project Path="tests/Vidarr.Notifications.Tests/Vidarr.Notifications.Tests.csproj" />
    <Project Path="tests/Vidarr.Rules.Tests/Vidarr.Rules.Tests.csproj" />
    <Project Path="tests/Vidarr.Scheduler.Tests/Vidarr.Scheduler.Tests.csproj" />
    <Project Path="tests/Vidarr.Tests.Common/Vidarr.Tests.Common.csproj" />
  </Folder>
</Solution>
